
Microsoft Visual Studio Solution File, Format Version 12.00
# Visual Studio 15
VisualStudioVersion = 15.0.28307.852
MinimumVisualStudioVersion = 10.0.40219.1
Project("{159641D6-6404-4A2A-AE62-294DE0FE8301}") = "SSIS_Spotlight", "SSIS_Spotlight\SSIS_Spotlight.dtproj", "{B7F05C3E-0181-419E-81FD-F641C851ED79}"
EndProject
Global
	GlobalSection(SolutionConfigurationPlatforms) = preSolution
		Development|Default = Development|Default
	EndGlobalSection
	GlobalSection(ProjectConfigurationPlatforms) = postSolution
		{B7F05C3E-0181-419E-81FD-F641C851ED79}.Development|Default.ActiveCfg = Development
		{B7F05C3E-0181-419E-81FD-F641C851ED79}.Development|Default.Build.0 = Development
	EndGlobalSection
	GlobalSection(SolutionProperties) = preSolution
		HideSolutionNode = FALSE
	EndGlobalSection
	GlobalSection(ExtensibilityGlobals) = postSolution
		SolutionGuid = {C4CA87AA-8037-4AA8-98B4-77F54F4082EE}
	EndGlobalSection
EndGlobal
